
Microsoft Visual Studio Solution File, Format Version 10.00
# Visual C++ Express 2008
Project("{8BC9CEB8-8B4A-11D0-8D11-00A0C91BC942}") = "WinSparkle", "WinSparkle.vcproj", "{F00FBD5D-F9FD-40A0-BCCE-1D619ADCA5A3}"
EndProject
Project("{8BC9CEB8-8B4A-11D0-8D11-00A0C91BC942}") = "example_psdk", "examples\psdk\example_psdk.vcproj", "{1C6A0960-D5A1-4A8F-854D-8CFA999C5A25}"
	ProjectSection(ProjectDependencies) = postProject
		{F00FBD5D-F9FD-40A0-BCCE-1D619ADCA5A3} = {F00FBD5D-F9FD-40A0-BCCE-1D619ADCA5A3}
	EndProjectSection
EndProject
Global
	GlobalSection(SolutionConfigurationPlatforms) = preSolution
		Debug|Win32 = Debug|Win32
		Release|Win32 = Release|Win32
	EndGlobalSection
	GlobalSection(ProjectConfigurationPlatforms) = postSolution
		{F00FBD5D-F9FD-40A0-BCCE-1D619ADCA5A3}.Debug|Win32.ActiveCfg = Debug|Win32
		{F00FBD5D-F9FD-40A0-BCCE-1D619ADCA5A3}.Debug|Win32.Build.0 = Debug|Win32
		{F00FBD5D-F9FD-40A0-BCCE-1D619ADCA5A3}.Release|Win32.ActiveCfg = Release|Win32
		{F00FBD5D-F9FD-40A0-BCCE-1D619ADCA5A3}.Release|Win32.Build.0 = Release|Win32
		{1C6A0960-D5A1-4A8F-854D-8CFA999C5A25}.Debug|Win32.ActiveCfg = Debug|Win32
		{1C6A0960-D5A1-4A8F-854D-8CFA999C5A25}.Debug|Win32.Build.0 = Debug|Win32
		{1C6A0960-D5A1-4A8F-854D-8CFA999C5A25}.Release|Win32.ActiveCfg = Release|Win32
		{1C6A0960-D5A1-4A8F-854D-8CFA999C5A25}.Release|Win32.Build.0 = Release|Win32
	EndGlobalSection
	GlobalSection(SolutionProperties) = preSolution
		HideSolutionNode = FALSE
	EndGlobalSection
EndGlobal
