Microsoft Visual Studio Solution File, Format Version 10.00
# Visual Studio 2008
Project("{8BC9CEB8-8B4A-11D0-8D11-00A0C91BC942}") = "example_psdk", "example_psdk.vcproj", "{AFBD6C55-82AB-5746-BABD-D254BE893418}"
	ProjectSection(ProjectDependencies) = postProject
		{524CCCF2-61EA-5B64-A1D9-FF5497027B5F} = {524CCCF2-61EA-5B64-A1D9-FF5497027B5F}
	EndProjectSection
EndProject
Project("{8BC9CEB8-8B4A-11D0-8D11-00A0C91BC942}") = "WinSparkle", "..\WinSparkle.vcproj", "{524CCCF2-61EA-5B64-A1D9-FF5497027B5F}"
	ProjectSection(ProjectDependencies) = postProject
		{8D88AE38-FF38-5A85-83D1-BB6816ED2F58} = {8D88AE38-FF38-5A85-83D1-BB6816ED2F58}
		{8219BFF9-5C5B-5938-8CB9-EB3EFCE84617} = {8219BFF9-5C5B-5938-8CB9-EB3EFCE84617}
	EndProjectSection
EndProject
Project("{8BC9CEB8-8B4A-11D0-8D11-00A0C91BC942}") = "expat", "..\3rdparty\expat.vcproj", "{8D88AE38-FF38-5A85-83D1-BB6816ED2F58}"
EndProject
Project("{8BC9CEB8-8B4A-11D0-8D11-00A0C91BC942}") = "wx", "..\3rdparty\wx.vcproj", "{8219BFF9-5C5B-5938-8CB9-EB3EFCE84617}"
EndProject
Project("{2150E333-8FDC-42A3-9474-1A3956D46DE8}") = "Additional Dependencies", "Additional Dependencies", "{32F8CF2B-4EB9-5BC9-B3B3-A09BB6615135}"
EndProject
Global
	GlobalSection(SolutionConfigurationPlatforms) = preSolution
		Debug|Win32 = Debug|Win32
		Debug|x64 = Debug|x64
		Release|Win32 = Release|Win32
		Release|x64 = Release|x64
	EndGlobalSection
	GlobalSection(ProjectConfigurationPlatforms) = postSolution
		{AFBD6C55-82AB-5746-BABD-D254BE893418}.Debug|Win32.ActiveCfg = Debug|Win32
		{AFBD6C55-82AB-5746-BABD-D254BE893418}.Debug|Win32.Build.0 = Debug|Win32
		{AFBD6C55-82AB-5746-BABD-D254BE893418}.Debug|x64.ActiveCfg = Debug|x64
		{AFBD6C55-82AB-5746-BABD-D254BE893418}.Debug|x64.Build.0 = Debug|x64
		{AFBD6C55-82AB-5746-BABD-D254BE893418}.Release|Win32.ActiveCfg = Release|Win32
		{AFBD6C55-82AB-5746-BABD-D254BE893418}.Release|Win32.Build.0 = Release|Win32
		{AFBD6C55-82AB-5746-BABD-D254BE893418}.Release|x64.ActiveCfg = Release|x64
		{AFBD6C55-82AB-5746-BABD-D254BE893418}.Release|x64.Build.0 = Release|x64
		{524CCCF2-61EA-5B64-A1D9-FF5497027B5F}.Debug|Win32.ActiveCfg = Debug|Win32
		{524CCCF2-61EA-5B64-A1D9-FF5497027B5F}.Debug|Win32.Build.0 = Debug|Win32
		{524CCCF2-61EA-5B64-A1D9-FF5497027B5F}.Debug|x64.ActiveCfg = Debug|x64
		{524CCCF2-61EA-5B64-A1D9-FF5497027B5F}.Debug|x64.Build.0 = Debug|x64
		{524CCCF2-61EA-5B64-A1D9-FF5497027B5F}.Release|Win32.ActiveCfg = Release|Win32
		{524CCCF2-61EA-5B64-A1D9-FF5497027B5F}.Release|Win32.Build.0 = Release|Win32
		{524CCCF2-61EA-5B64-A1D9-FF5497027B5F}.Release|x64.ActiveCfg = Release|x64
		{524CCCF2-61EA-5B64-A1D9-FF5497027B5F}.Release|x64.Build.0 = Release|x64
		{8D88AE38-FF38-5A85-83D1-BB6816ED2F58}.Debug|Win32.ActiveCfg = Debug|Win32
		{8D88AE38-FF38-5A85-83D1-BB6816ED2F58}.Debug|Win32.Build.0 = Debug|Win32
		{8D88AE38-FF38-5A85-83D1-BB6816ED2F58}.Debug|x64.ActiveCfg = Debug|x64
		{8D88AE38-FF38-5A85-83D1-BB6816ED2F58}.Debug|x64.Build.0 = Debug|x64
		{8D88AE38-FF38-5A85-83D1-BB6816ED2F58}.Release|Win32.ActiveCfg = Release|Win32
		{8D88AE38-FF38-5A85-83D1-BB6816ED2F58}.Release|Win32.Build.0 = Release|Win32
		{8D88AE38-FF38-5A85-83D1-BB6816ED2F58}.Release|x64.ActiveCfg = Release|x64
		{8D88AE38-FF38-5A85-83D1-BB6816ED2F58}.Release|x64.Build.0 = Release|x64
		{8219BFF9-5C5B-5938-8CB9-EB3EFCE84617}.Debug|Win32.ActiveCfg = Debug|Win32
		{8219BFF9-5C5B-5938-8CB9-EB3EFCE84617}.Debug|Win32.Build.0 = Debug|Win32
		{8219BFF9-5C5B-5938-8CB9-EB3EFCE84617}.Debug|x64.ActiveCfg = Debug|x64
		{8219BFF9-5C5B-5938-8CB9-EB3EFCE84617}.Debug|x64.Build.0 = Debug|x64
		{8219BFF9-5C5B-5938-8CB9-EB3EFCE84617}.Release|Win32.ActiveCfg = Release|Win32
		{8219BFF9-5C5B-5938-8CB9-EB3EFCE84617}.Release|Win32.Build.0 = Release|Win32
		{8219BFF9-5C5B-5938-8CB9-EB3EFCE84617}.Release|x64.ActiveCfg = Release|x64
		{8219BFF9-5C5B-5938-8CB9-EB3EFCE84617}.Release|x64.Build.0 = Release|x64
	EndGlobalSection
	GlobalSection(SolutionProperties) = preSolution
		HideSolutionNode = FALSE
	EndGlobalSection
	GlobalSection(NestedProjects) = preSolution
		{524CCCF2-61EA-5B64-A1D9-FF5497027B5F} = {32F8CF2B-4EB9-5BC9-B3B3-A09BB6615135}
		{8D88AE38-FF38-5A85-83D1-BB6816ED2F58} = {32F8CF2B-4EB9-5BC9-B3B3-A09BB6615135}
		{8219BFF9-5C5B-5938-8CB9-EB3EFCE84617} = {32F8CF2B-4EB9-5BC9-B3B3-A09BB6615135}
	EndGlobalSection
EndGlobal
