
Microsoft Visual Studio Solution File, Format Version 12.00
# Visual Studio 15
VisualStudioVersion = 15.0.27130.2003
MinimumVisualStudioVersion = 10.0.40219.1
Project("{8BC9CEB8-8B4A-11D0-8D11-00A0C91BC942}") = "example_psdk", "example_psdk-2017.vcxproj", "{AFBD6C55-82AB-5746-BABD-D254BE893418}"
	ProjectSection(ProjectDependencies) = postProject
		{524CCCF2-61EA-5B64-A1D9-FF5497027B5F} = {524CCCF2-61EA-5B64-A1D9-FF5497027B5F}
	EndProjectSection
EndProject
Project("{8BC9CEB8-8B4A-11D0-8D11-00A0C91BC942}") = "WinSparkle", "..\WinSparkle-2017.vcxproj", "{524CCCF2-61EA-5B64-A1D9-FF5497027B5F}"
	ProjectSection(ProjectDependencies) = postProject
		{47B228CB-24FE-5250-B1FC-DFC81D3E69DF} = {47B228CB-24FE-5250-B1FC-DFC81D3E69DF}
		{A0326E8B-57A0-548E-AB4A-2DB2B6704D70} = {A0326E8B-57A0-548E-AB4A-2DB2B6704D70}
		{499A5238-5AAC-5FD3-8902-819D787108A5} = {499A5238-5AAC-5FD3-8902-819D787108A5}
	EndProjectSection
EndProject
Project("{8BC9CEB8-8B4A-11D0-8D11-00A0C91BC942}") = "WinSparkle_expat", "..\3rdparty\expat-2017.vcxproj", "{47B228CB-24FE-5250-B1FC-DFC81D3E69DF}"
EndProject
Project("{8BC9CEB8-8B4A-11D0-8D11-00A0C91BC942}") = "WinSparkle_libcrypto", "..\3rdparty\libcrypto-2017.vcxproj", "{A0326E8B-57A0-548E-AB4A-2DB2B6704D70}"
EndProject
Project("{8BC9CEB8-8B4A-11D0-8D11-00A0C91BC942}") = "WinSparkle_wx", "..\3rdparty\wx-2017.vcxproj", "{499A5238-5AAC-5FD3-8902-819D787108A5}"
EndProject
Project("{2150E333-8FDC-42A3-9474-1A3956D46DE8}") = "Additional Dependencies", "Additional Dependencies", "{32F8CF2B-4EB9-5BC9-B3B3-A09BB6615135}"
EndProject
Global
	GlobalSection(SolutionConfigurationPlatforms) = preSolution
		Debug|Win32 = Debug|Win32
		Debug|x64 = Debug|x64
		Release|Win32 = Release|Win32
		Release|x64 = Release|x64
	EndGlobalSection
	GlobalSection(ProjectConfigurationPlatforms) = postSolution
		{AFBD6C55-82AB-5746-BABD-D254BE893418}.Debug|Win32.ActiveCfg = Debug|Win32
		{AFBD6C55-82AB-5746-BABD-D254BE893418}.Debug|Win32.Build.0 = Debug|Win32
		{AFBD6C55-82AB-5746-BABD-D254BE893418}.Debug|x64.ActiveCfg = Debug|x64
		{AFBD6C55-82AB-5746-BABD-D254BE893418}.Debug|x64.Build.0 = Debug|x64
		{AFBD6C55-82AB-5746-BABD-D254BE893418}.Release|Win32.ActiveCfg = Release|Win32
		{AFBD6C55-82AB-5746-BABD-D254BE893418}.Release|Win32.Build.0 = Release|Win32
		{AFBD6C55-82AB-5746-BABD-D254BE893418}.Release|x64.ActiveCfg = Release|x64
		{AFBD6C55-82AB-5746-BABD-D254BE893418}.Release|x64.Build.0 = Release|x64
		{524CCCF2-61EA-5B64-A1D9-FF5497027B5F}.Debug|Win32.ActiveCfg = Debug|Win32
		{524CCCF2-61EA-5B64-A1D9-FF5497027B5F}.Debug|Win32.Build.0 = Debug|Win32
		{524CCCF2-61EA-5B64-A1D9-FF5497027B5F}.Debug|x64.ActiveCfg = Debug|x64
		{524CCCF2-61EA-5B64-A1D9-FF5497027B5F}.Debug|x64.Build.0 = Debug|x64
		{524CCCF2-61EA-5B64-A1D9-FF5497027B5F}.Release|Win32.ActiveCfg = Release|Win32
		{524CCCF2-61EA-5B64-A1D9-FF5497027B5F}.Release|Win32.Build.0 = Release|Win32
		{524CCCF2-61EA-5B64-A1D9-FF5497027B5F}.Release|x64.ActiveCfg = Release|x64
		{524CCCF2-61EA-5B64-A1D9-FF5497027B5F}.Release|x64.Build.0 = Release|x64
		{47B228CB-24FE-5250-B1FC-DFC81D3E69DF}.Debug|Win32.ActiveCfg = Debug|Win32
		{47B228CB-24FE-5250-B1FC-DFC81D3E69DF}.Debug|Win32.Build.0 = Debug|Win32
		{47B228CB-24FE-5250-B1FC-DFC81D3E69DF}.Debug|x64.ActiveCfg = Debug|x64
		{47B228CB-24FE-5250-B1FC-DFC81D3E69DF}.Debug|x64.Build.0 = Debug|x64
		{47B228CB-24FE-5250-B1FC-DFC81D3E69DF}.Release|Win32.ActiveCfg = Release|Win32
		{47B228CB-24FE-5250-B1FC-DFC81D3E69DF}.Release|Win32.Build.0 = Release|Win32
		{47B228CB-24FE-5250-B1FC-DFC81D3E69DF}.Release|x64.ActiveCfg = Release|x64
		{47B228CB-24FE-5250-B1FC-DFC81D3E69DF}.Release|x64.Build.0 = Release|x64
		{A0326E8B-57A0-548E-AB4A-2DB2B6704D70}.Debug|Win32.ActiveCfg = Debug|Win32
		{A0326E8B-57A0-548E-AB4A-2DB2B6704D70}.Debug|Win32.Build.0 = Debug|Win32
		{A0326E8B-57A0-548E-AB4A-2DB2B6704D70}.Debug|x64.ActiveCfg = Debug|x64
		{A0326E8B-57A0-548E-AB4A-2DB2B6704D70}.Debug|x64.Build.0 = Debug|x64
		{A0326E8B-57A0-548E-AB4A-2DB2B6704D70}.Release|Win32.ActiveCfg = Release|Win32
		{A0326E8B-57A0-548E-AB4A-2DB2B6704D70}.Release|Win32.Build.0 = Release|Win32
		{A0326E8B-57A0-548E-AB4A-2DB2B6704D70}.Release|x64.ActiveCfg = Release|x64
		{A0326E8B-57A0-548E-AB4A-2DB2B6704D70}.Release|x64.Build.0 = Release|x64
		{499A5238-5AAC-5FD3-8902-819D787108A5}.Debug|Win32.ActiveCfg = Debug|Win32
		{499A5238-5AAC-5FD3-8902-819D787108A5}.Debug|Win32.Build.0 = Debug|Win32
		{499A5238-5AAC-5FD3-8902-819D787108A5}.Debug|x64.ActiveCfg = Debug|x64
		{499A5238-5AAC-5FD3-8902-819D787108A5}.Debug|x64.Build.0 = Debug|x64
		{499A5238-5AAC-5FD3-8902-819D787108A5}.Release|Win32.ActiveCfg = Release|Win32
		{499A5238-5AAC-5FD3-8902-819D787108A5}.Release|Win32.Build.0 = Release|Win32
		{499A5238-5AAC-5FD3-8902-819D787108A5}.Release|x64.ActiveCfg = Release|x64
		{499A5238-5AAC-5FD3-8902-819D787108A5}.Release|x64.Build.0 = Release|x64
	EndGlobalSection
	GlobalSection(SolutionProperties) = preSolution
		HideSolutionNode = FALSE
	EndGlobalSection
	GlobalSection(NestedProjects) = preSolution
		{524CCCF2-61EA-5B64-A1D9-FF5497027B5F} = {32F8CF2B-4EB9-5BC9-B3B3-A09BB6615135}
		{47B228CB-24FE-5250-B1FC-DFC81D3E69DF} = {32F8CF2B-4EB9-5BC9-B3B3-A09BB6615135}
		{A0326E8B-57A0-548E-AB4A-2DB2B6704D70} = {32F8CF2B-4EB9-5BC9-B3B3-A09BB6615135}
		{499A5238-5AAC-5FD3-8902-819D787108A5} = {32F8CF2B-4EB9-5BC9-B3B3-A09BB6615135}
	EndGlobalSection
EndGlobal
